
Microsoft Visual Studio Solution File, Format Version 12.00
# Visual Studio Version 16
VisualStudioVersion = 16.0.30309.148
MinimumVisualStudioVersion = 10.0.40219.1
Project("{9A19103F-16F7-4668-BE54-9A1E7A4F7556}") = "Api.Application", "Application\Api.Application.csproj", "{E04B8220-99D6-44D0-BDF9-60ADD222C97F}"
EndProject
Project("{9A19103F-16F7-4668-BE54-9A1E7A4F7556}") = "Api.Repository", "Api.Repository\Api.Repository.csproj", "{F22BDDF2-9FE2-46FB-80F2-EBCDF2BF5475}"
EndProject
Project("{9A19103F-16F7-4668-BE54-9A1E7A4F7556}") = "Api.Models", "Api.Models\Api.Models.csproj", "{69B3810D-234A-49D1-A57C-6CBD8B4F247B}"
EndProject
Project("{2150E333-8FDC-42A3-9474-1A3956D46DE8}") = "Api", "Api", "{7FFE344A-198A-47C6-B3AC-256F60AAEC40}"
EndProject
Project("{2150E333-8FDC-42A3-9474-1A3956D46DE8}") = "library", "library", "{03E8095E-6BFD-42F7-BCBE-D61A4589D674}"
EndProject
Global
	GlobalSection(SolutionConfigurationPlatforms) = preSolution
		Debug|Any CPU = Debug|Any CPU
		Release|Any CPU = Release|Any CPU
	EndGlobalSection
	GlobalSection(ProjectConfigurationPlatforms) = postSolution
		{E04B8220-99D6-44D0-BDF9-60ADD222C97F}.Debug|Any CPU.ActiveCfg = Debug|Any CPU
		{E04B8220-99D6-44D0-BDF9-60ADD222C97F}.Debug|Any CPU.Build.0 = Debug|Any CPU
		{E04B8220-99D6-44D0-BDF9-60ADD222C97F}.Release|Any CPU.ActiveCfg = Release|Any CPU
		{E04B8220-99D6-44D0-BDF9-60ADD222C97F}.Release|Any CPU.Build.0 = Release|Any CPU
		{F22BDDF2-9FE2-46FB-80F2-EBCDF2BF5475}.Debug|Any CPU.ActiveCfg = Debug|Any CPU
		{F22BDDF2-9FE2-46FB-80F2-EBCDF2BF5475}.Debug|Any CPU.Build.0 = Debug|Any CPU
		{F22BDDF2-9FE2-46FB-80F2-EBCDF2BF5475}.Release|Any CPU.ActiveCfg = Release|Any CPU
		{F22BDDF2-9FE2-46FB-80F2-EBCDF2BF5475}.Release|Any CPU.Build.0 = Release|Any CPU
		{69B3810D-234A-49D1-A57C-6CBD8B4F247B}.Debug|Any CPU.ActiveCfg = Debug|Any CPU
		{69B3810D-234A-49D1-A57C-6CBD8B4F247B}.Debug|Any CPU.Build.0 = Debug|Any CPU
		{69B3810D-234A-49D1-A57C-6CBD8B4F247B}.Release|Any CPU.ActiveCfg = Release|Any CPU
		{69B3810D-234A-49D1-A57C-6CBD8B4F247B}.Release|Any CPU.Build.0 = Release|Any CPU
	EndGlobalSection
	GlobalSection(SolutionProperties) = preSolution
		HideSolutionNode = FALSE
	EndGlobalSection
	GlobalSection(NestedProjects) = preSolution
		{E04B8220-99D6-44D0-BDF9-60ADD222C97F} = {7FFE344A-198A-47C6-B3AC-256F60AAEC40}
		{F22BDDF2-9FE2-46FB-80F2-EBCDF2BF5475} = {03E8095E-6BFD-42F7-BCBE-D61A4589D674}
		{69B3810D-234A-49D1-A57C-6CBD8B4F247B} = {03E8095E-6BFD-42F7-BCBE-D61A4589D674}
	EndGlobalSection
	GlobalSection(ExtensibilityGlobals) = postSolution
		SolutionGuid = {8A8A6F8E-C2D8-42D6-8276-47F6AE8886E4}
	EndGlobalSection
EndGlobal
